
Microsoft Visual Studio Solution File, Format Version 12.00
# Visual Studio Version 17
VisualStudioVersion = 17.10.35013.160
MinimumVisualStudioVersion = 10.0.40219.1
Project("{FAE04EC0-301F-11D3-BF4B-00C04F79EFBC}") = "ApiDemo", "ApiDemo\ApiDemo.csproj", "{E44D9890-59E7-4AFF-B4CF-E208771703FE}"
EndProject
Global
	GlobalSection(SolutionConfigurationPlatforms) = preSolution
		Debug|Any CPU = Debug|Any CPU
		Release|Any CPU = Release|Any CPU
	EndGlobalSection
	GlobalSection(ProjectConfigurationPlatforms) = postSolution
		{E44D9890-59E7-4AFF-B4CF-E208771703FE}.Debug|Any CPU.ActiveCfg = Debug|Any CPU
		{E44D9890-59E7-4AFF-B4CF-E208771703FE}.Debug|Any CPU.Build.0 = Debug|Any CPU
		{E44D9890-59E7-4AFF-B4CF-E208771703FE}.Release|Any CPU.ActiveCfg = Release|Any CPU
		{E44D9890-59E7-4AFF-B4CF-E208771703FE}.Release|Any CPU.Build.0 = Release|Any CPU
	EndGlobalSection
	GlobalSection(SolutionProperties) = preSolution
		HideSolutionNode = FALSE
	EndGlobalSection
	GlobalSection(ExtensibilityGlobals) = postSolution
		SolutionGuid = {82EB6E0B-5444-4965-B8AD-59CDA553FEF8}
	EndGlobalSection
EndGlobal
